<?xml version="1.0" encoding="UTF-8" standalone="yes" ?>
<CodeBlocks_project_file>
	<FileVersion major="1" minor="6" />
	<Project>
		<Option title="TJS" />
		<Option pch_mode="2" />
		<Option compiler="null" />
		<Build>
			<Target title="Release">
				<Option output="bin/Release/TJS" prefix_auto="1" extension_auto="1" />
				<Option object_output="obj/Release/" />
				<Option type="1" />
				<Option compiler="null" />
			</Target>
		</Build>
		<Unit filename="../../Derrick/js/plugins/TJS.js" />
		<Unit filename="../js/main.js" />
		<Unit filename="../js/plugins.js" />
		<Unit filename="../js/plugins/AltMenuScreen.js" />
		<Unit filename="../js/plugins/AltSaveScreen.js" />
		<Unit filename="../js/plugins/ButtonPicture.js" />
		<Unit filename="../js/plugins/CGMZ_Core.js" />
		<Unit filename="../js/plugins/CGMZ_Encyclopedia.js" />
		<Unit filename="../js/plugins/CGMZ_ExitToDesktop.js" />
		<Unit filename="../js/plugins/TJS_AltMenus.js" />
		<Unit filename="../js/plugins/TextPicture.js" />
		<Unit filename="../js/rmmz_core.js" />
		<Unit filename="../js/rmmz_managers.js" />
		<Unit filename="../js/rmmz_objects.js" />
		<Unit filename="../js/rmmz_scenes.js" />
		<Unit filename="../js/rmmz_sprites.js" />
		<Unit filename="../js/rmmz_windows.js" />
		<Extensions>
			<lib_finder disable_auto="1" />
		</Extensions>
	</Project>
</CodeBlocks_project_file>
